// !$*UTF8*$!
{
	archiveVersion = 1;
	classes = {
	};
	objectVersion = 46;
	objects = {

/* Begin PBXBuildFile section */
		7D3432331C836ABA00A42EDE /* StringValidatorRegex.m in Sources */ = {isa = PBXBuildFile; fileRef = 7D3432321C836ABA00A42EDE /* StringValidatorRegex.m */; };
		7D3DFCB31C81ADA60010BACD /* AppKit.framework in Frameworks */ = {isa = PBXBuildFile; fileRef = 7D3DFCB21C81ADA60010BACD /* AppKit.framework */; };
		7D3DFCB51C81ADA60010BACD /* Foundation.framework in Frameworks */ = {isa = PBXBuildFile; fileRef = 7D3DFCB41C81ADA60010BACD /* Foundation.framework */; };
		7D3DFCB91C81ADA60010BACD /* StringsValidator.xcscheme in Resources */ = {isa = PBXBuildFile; fileRef = 7D3DFCB81C81ADA60010BACD /* StringsValidator.xcscheme */; };
		7D3DFCBC1C81ADA60010BACD /* StringsValidator.m in Sources */ = {isa = PBXBuildFile; fileRef = 7D3DFCBB1C81ADA60010BACD /* StringsValidator.m */; };
		7D3DFCBF1C81ADA60010BACD /* NSObject_Extension.m in Sources */ = {isa = PBXBuildFile; fileRef = 7D3DFCBE1C81ADA60010BACD /* NSObject_Extension.m */; };
		7DCF59C11C8379530073B228 /* DTXcodeUtils.m in Sources */ = {isa = PBXBuildFile; fileRef = 7DCF59C01C8379530073B228 /* DTXcodeUtils.m */; };
/* End PBXBuildFile section */

/* Begin PBXFileReference section */
		7D3432311C836ABA00A42EDE /* StringValidatorRegex.h */ = {isa = PBXFileReference; fileEncoding = 4; lastKnownFileType = sourcecode.c.h; path = StringValidatorRegex.h; sourceTree = "<group>"; };
		7D3432321C836ABA00A42EDE /* StringValidatorRegex.m */ = {isa = PBXFileReference; fileEncoding = 4; lastKnownFileType = sourcecode.c.objc; path = StringValidatorRegex.m; sourceTree = "<group>"; };
		7D3DFCAF1C81ADA60010BACD /* StringsValidator.xcplugin */ = {isa = PBXFileReference; explicitFileType = wrapper.cfbundle; includeInIndex = 0; path = StringsValidator.xcplugin; sourceTree = BUILT_PRODUCTS_DIR; };
		7D3DFCB21C81ADA60010BACD /* AppKit.framework */ = {isa = PBXFileReference; lastKnownFileType = wrapper.framework; name = AppKit.framework; path = /System/Library/Frameworks/AppKit.framework; sourceTree = "<absolute>"; };
		7D3DFCB41C81ADA60010BACD /* Foundation.framework */ = {isa = PBXFileReference; lastKnownFileType = wrapper.framework; name = Foundation.framework; path = /System/Library/Frameworks/Foundation.framework; sourceTree = "<absolute>"; };
		7D3DFCB81C81ADA60010BACD /* StringsValidator.xcscheme */ = {isa = PBXFileReference; lastKnownFileType = text.xml; name = StringsValidator.xcscheme; path = StringsValidator.xcodeproj/xcshareddata/xcschemes/StringsValidator.xcscheme; sourceTree = SOURCE_ROOT; };
		7D3DFCBA1C81ADA60010BACD /* StringsValidator.h */ = {isa = PBXFileReference; lastKnownFileType = sourcecode.c.h; path = StringsValidator.h; sourceTree = "<group>"; };
		7D3DFCBB1C81ADA60010BACD /* StringsValidator.m */ = {isa = PBXFileReference; lastKnownFileType = sourcecode.c.objc; path = StringsValidator.m; sourceTree = "<group>"; };
		7D3DFCBD1C81ADA60010BACD /* NSObject_Extension.h */ = {isa = PBXFileReference; lastKnownFileType = sourcecode.c.h; path = NSObject_Extension.h; sourceTree = "<group>"; };
		7D3DFCBE1C81ADA60010BACD /* NSObject_Extension.m */ = {isa = PBXFileReference; lastKnownFileType = sourcecode.c.objc; path = NSObject_Extension.m; sourceTree = "<group>"; };
		7D3DFCC01C81ADA60010BACD /* Info.plist */ = {isa = PBXFileReference; lastKnownFileType = text.plist.xml; path = Info.plist; sourceTree = "<group>"; };
		7DCF59BE1C8379530073B228 /* DTXcodeHeaders.h */ = {isa = PBXFileReference; fileEncoding = 4; lastKnownFileType = sourcecode.c.h; path = DTXcodeHeaders.h; sourceTree = "<group>"; };
		7DCF59BF1C8379530073B228 /* DTXcodeUtils.h */ = {isa = PBXFileReference; fileEncoding = 4; lastKnownFileType = sourcecode.c.h; path = DTXcodeUtils.h; sourceTree = "<group>"; };
		7DCF59C01C8379530073B228 /* DTXcodeUtils.m */ = {isa = PBXFileReference; fileEncoding = 4; lastKnownFileType = sourcecode.c.objc; path = DTXcodeUtils.m; sourceTree = "<group>"; };
/* End PBXFileReference section */

/* Begin PBXFrameworksBuildPhase section */
		7D3DFCAD1C81ADA60010BACD /* Frameworks */ = {
			isa = PBXFrameworksBuildPhase;
			buildActionMask = 2147483647;
			files = (
				7D3DFCB31C81ADA60010BACD /* AppKit.framework in Frameworks */,
				7D3DFCB51C81ADA60010BACD /* Foundation.framework in Frameworks */,
			);
			runOnlyForDeploymentPostprocessing = 0;
		};
/* End PBXFrameworksBuildPhase section */

/* Begin PBXGroup section */
		7D3DFCA61C81ADA60010BACD = {
			isa = PBXGroup;
			children = (
				7D3DFCB61C81ADA60010BACD /* StringsValidator */,
				7D3DFCB11C81ADA60010BACD /* Frameworks */,
				7D3DFCB01C81ADA60010BACD /* Products */,
			);
			sourceTree = "<group>";
		};
		7D3DFCB01C81ADA60010BACD /* Products */ = {
			isa = PBXGroup;
			children = (
				7D3DFCAF1C81ADA60010BACD /* StringsValidator.xcplugin */,
			);
			name = Products;
			sourceTree = "<group>";
		};
		7D3DFCB11C81ADA60010BACD /* Frameworks */ = {
			isa = PBXGroup;
			children = (
				7D3DFCB21C81ADA60010BACD /* AppKit.framework */,
				7D3DFCB41C81ADA60010BACD /* Foundation.framework */,
			);
			name = Frameworks;
			sourceTree = "<group>";
		};
		7D3DFCB61C81ADA60010BACD /* StringsValidator */ = {
			isa = PBXGroup;
			children = (
				7D3DFCBA1C81ADA60010BACD /* StringsValidator.h */,
				7D3DFCBB1C81ADA60010BACD /* StringsValidator.m */,
				7D3432311C836ABA00A42EDE /* StringValidatorRegex.h */,
				7D3432321C836ABA00A42EDE /* StringValidatorRegex.m */,
				7D3DFCBD1C81ADA60010BACD /* NSObject_Extension.h */,
				7D3DFCBE1C81ADA60010BACD /* NSObject_Extension.m */,
				7DCF59BE1C8379530073B228 /* DTXcodeHeaders.h */,
				7DCF59BF1C8379530073B228 /* DTXcodeUtils.h */,
				7DCF59C01C8379530073B228 /* DTXcodeUtils.m */,
				7D3DFCC01C81ADA60010BACD /* Info.plist */,
				7D3DFCB71C81ADA60010BACD /* Supporting Files */,
			);
			path = StringsValidator;
			sourceTree = "<group>";
		};
		7D3DFCB71C81ADA60010BACD /* Supporting Files */ = {
			isa = PBXGroup;
			children = (
				7D3DFCB81C81ADA60010BACD /* StringsValidator.xcscheme */,
			);
			name = "Supporting Files";
			sourceTree = "<group>";
		};
/* End PBXGroup section */

/* Begin PBXNativeTarget section */
		7D3DFCAE1C81ADA60010BACD /* StringsValidator */ = {
			isa = PBXNativeTarget;
			buildConfigurationList = 7D3DFCC31C81ADA60010BACD /* Build configuration list for PBXNativeTarget "StringsValidator" */;
			buildPhases = (
				7D3DFCAB1C81ADA60010BACD /* Sources */,
				7D3DFCAC1C81ADA60010BACD /* Resources */,
				7D3DFCAD1C81ADA60010BACD /* Frameworks */,
			);
			buildRules = (
			);
			dependencies = (
			);
			name = StringsValidator;
			productName = StringsValidator;
			productReference = 7D3DFCAF1C81ADA60010BACD /* StringsValidator.xcplugin */;
			productType = "com.apple.product-type.bundle";
		};
/* End PBXNativeTarget section */

/* Begin PBXProject section */
		7D3DFCA71C81ADA60010BACD /* Project object */ = {
			isa = PBXProject;
			attributes = {
				LastUpgradeCheck = 0720;
				ORGANIZATIONNAME = "Paolo Ardia";
				TargetAttributes = {
					7D3DFCAE1C81ADA60010BACD = {
						CreatedOnToolsVersion = 7.2.1;
					};
				};
			};
			buildConfigurationList = 7D3DFCAA1C81ADA60010BACD /* Build configuration list for PBXProject "StringsValidator" */;
			compatibilityVersion = "Xcode 3.2";
			developmentRegion = English;
			hasScannedForEncodings = 0;
			knownRegions = (
				en,
			);
			mainGroup = 7D3DFCA61C81ADA60010BACD;
			productRefGroup = 7D3DFCB01C81ADA60010BACD /* Products */;
			projectDirPath = "";
			projectRoot = "";
			targets = (
				7D3DFCAE1C81ADA60010BACD /* StringsValidator */,
			);
		};
/* End PBXProject section */

/* Begin PBXResourcesBuildPhase section */
		7D3DFCAC1C81ADA60010BACD /* Resources */ = {
			isa = PBXResourcesBuildPhase;
			buildActionMask = 2147483647;
			files = (
				7D3DFCB91C81ADA60010BACD /* StringsValidator.xcscheme in Resources */,
			);
			runOnlyForDeploymentPostprocessing = 0;
		};
/* End PBXResourcesBuildPhase section */

/* Begin PBXSourcesBuildPhase section */
		7D3DFCAB1C81ADA60010BACD /* Sources */ = {
			isa = PBXSourcesBuildPhase;
			buildActionMask = 2147483647;
			files = (
				7D3DFCBC1C81ADA60010BACD /* StringsValidator.m in Sources */,
				7DCF59C11C8379530073B228 /* DTXcodeUtils.m in Sources */,
				7D3DFCBF1C81ADA60010BACD /* NSObject_Extension.m in Sources */,
				7D3432331C836ABA00A42EDE /* StringValidatorRegex.m in Sources */,
			);
			runOnlyForDeploymentPostprocessing = 0;
		};
/* End PBXSourcesBuildPhase section */

/* Begin XCBuildConfiguration section */
		7D3DFCC11C81ADA60010BACD /* Debug */ = {
			isa = XCBuildConfiguration;
			buildSettings = {
				ALWAYS_SEARCH_USER_PATHS = NO;
				CLANG_CXX_LANGUAGE_STANDARD = "gnu++0x";
				CLANG_CXX_LIBRARY = "libc++";
				CLANG_ENABLE_MODULES = YES;
				CLANG_ENABLE_OBJC_ARC = YES;
				CLANG_WARN_BOOL_CONVERSION = YES;
				CLANG_WARN_CONSTANT_CONVERSION = YES;
				CLANG_WARN_DIRECT_OBJC_ISA_USAGE = YES_ERROR;
				CLANG_WARN_EMPTY_BODY = YES;
				CLANG_WARN_ENUM_CONVERSION = YES;
				CLANG_WARN_INT_CONVERSION = YES;
				CLANG_WARN_OBJC_ROOT_CLASS = YES_ERROR;
				CLANG_WARN_UNREACHABLE_CODE = YES;
				CLANG_WARN__DUPLICATE_METHOD_MATCH = YES;
				COPY_PHASE_STRIP = NO;
				DEBUG_INFORMATION_FORMAT = dwarf;
				ENABLE_STRICT_OBJC_MSGSEND = YES;
				ENABLE_TESTABILITY = YES;
				GCC_C_LANGUAGE_STANDARD = gnu99;
				GCC_DYNAMIC_NO_PIC = NO;
				GCC_NO_COMMON_BLOCKS = YES;
				GCC_OPTIMIZATION_LEVEL = 0;
				GCC_PREPROCESSOR_DEFINITIONS = (
					"DEBUG=1",
					"$(inherited)",
				);
				GCC_WARN_64_TO_32_BIT_CONVERSION = YES;
				GCC_WARN_ABOUT_RETURN_TYPE = YES_ERROR;
				GCC_WARN_UNDECLARED_SELECTOR = YES;
				GCC_WARN_UNINITIALIZED_AUTOS = YES_AGGRESSIVE;
				GCC_WARN_UNUSED_FUNCTION = YES;
				GCC_WARN_UNUSED_VARIABLE = YES;
				MTL_ENABLE_DEBUG_INFO = YES;
				ONLY_ACTIVE_ARCH = YES;
			};
			name = Debug;
		};
		7D3DFCC21C81ADA60010BACD /* Release */ = {
			isa = XCBuildConfiguration;
			buildSettings = {
				ALWAYS_SEARCH_USER_PATHS = NO;
				CLANG_CXX_LANGUAGE_STANDARD = "gnu++0x";
				CLANG_CXX_LIBRARY = "libc++";
				CLANG_ENABLE_MODULES = YES;
				CLANG_ENABLE_OBJC_ARC = YES;
				CLANG_WARN_BOOL_CONVERSION = YES;
				CLANG_WARN_CONSTANT_CONVERSION = YES;
				CLANG_WARN_DIRECT_OBJC_ISA_USAGE = YES_ERROR;
				CLANG_WARN_EMPTY_BODY = YES;
				CLANG_WARN_ENUM_CONVERSION = YES;
				CLANG_WARN_INT_CONVERSION = YES;
				CLANG_WARN_OBJC_ROOT_CLASS = YES_ERROR;
				CLANG_WARN_UNREACHABLE_CODE = YES;
				CLANG_WARN__DUPLICATE_METHOD_MATCH = YES;
				COPY_PHASE_STRIP = NO;
				DEBUG_INFORMATION_FORMAT = "dwarf-with-dsym";
				ENABLE_NS_ASSERTIONS = NO;
				ENABLE_STRICT_OBJC_MSGSEND = YES;
				GCC_C_LANGUAGE_STANDARD = gnu99;
				GCC_NO_COMMON_BLOCKS = YES;
				GCC_WARN_64_TO_32_BIT_CONVERSION = YES;
				GCC_WARN_ABOUT_RETURN_TYPE = YES_ERROR;
				GCC_WARN_UNDECLARED_SELECTOR = YES;
				GCC_WARN_UNINITIALIZED_AUTOS = YES_AGGRESSIVE;
				GCC_WARN_UNUSED_FUNCTION = YES;
				GCC_WARN_UNUSED_VARIABLE = YES;
				MTL_ENABLE_DEBUG_INFO = NO;
			};
			name = Release;
		};
		7D3DFCC41C81ADA60010BACD /* Debug */ = {
			isa = XCBuildConfiguration;
			buildSettings = {
				COMBINE_HIDPI_IMAGES = YES;
				DEPLOYMENT_LOCATION = YES;
				DSTROOT = "$(HOME)";
				INFOPLIST_FILE = StringsValidator/Info.plist;
				INSTALL_PATH = "/Library/Application Support/Developer/Shared/Xcode/Plug-ins";
				MACOSX_DEPLOYMENT_TARGET = 10.11;
				PRODUCT_BUNDLE_IDENTIFIER = com.ihaventideas.StringsValidator;
				PRODUCT_NAME = "$(TARGET_NAME)";
				WRAPPER_EXTENSION = xcplugin;
			};
			name = Debug;
		};
		7D3DFCC51C81ADA60010BACD /* Release */ = {
			isa = XCBuildConfiguration;
			buildSettings = {
				COMBINE_HIDPI_IMAGES = YES;
				DEPLOYMENT_LOCATION = YES;
				DSTROOT = "$(HOME)";
				INFOPLIST_FILE = StringsValidator/Info.plist;
				INSTALL_PATH = "/Library/Application Support/Developer/Shared/Xcode/Plug-ins";
				MACOSX_DEPLOYMENT_TARGET = 10.11;
				PRODUCT_BUNDLE_IDENTIFIER = com.ihaventideas.StringsValidator;
				PRODUCT_NAME = "$(TARGET_NAME)";
				WRAPPER_EXTENSION = xcplugin;
			};
			name = Release;
		};
/* End XCBuildConfiguration section */

/* Begin XCConfigurationList section */
		7D3DFCAA1C81ADA60010BACD /* Build configuration list for PBXProject "StringsValidator" */ = {
			isa = XCConfigurationList;
			buildConfigurations = (
				7D3DFCC11C81ADA60010BACD /* Debug */,
				7D3DFCC21C81ADA60010BACD /* Release */,
			);
			defaultConfigurationIsVisible = 0;
			defaultConfigurationName = Release;
		};
		7D3DFCC31C81ADA60010BACD /* Build configuration list for PBXNativeTarget "StringsValidator" */ = {
			isa = XCConfigurationList;
			buildConfigurations = (
				7D3DFCC41C81ADA60010BACD /* Debug */,
				7D3DFCC51C81ADA60010BACD /* Release */,
			);
			defaultConfigurationIsVisible = 0;
			defaultConfigurationName = Release;
		};
/* End XCConfigurationList section */
	};
	rootObject = 7D3DFCA71C81ADA60010BACD /* Project object */;
}
